// !$*UTF8*$!
{
	archiveVersion = 1;
	classes = {
	};
	objectVersion = 50;
	objects = {

/* Begin PBXBuildFile section */
		332100AF41CEEAAD6F48844B /* libPods-ModleA.a in Frameworks */ = {isa = PBXBuildFile; fileRef = 219EC07025ED1CF77103802B /* libPods-ModleA.a */; };
		3A280C8D20AC323F006CC0BC /* AppDelegate.m in Sources */ = {isa = PBXBuildFile; fileRef = 3A280C8C20AC323F006CC0BC /* AppDelegate.m */; };
		3A280C9020AC323F006CC0BC /* ViewController.m in Sources */ = {isa = PBXBuildFile; fileRef = 3A280C8F20AC323F006CC0BC /* ViewController.m */; };
		3A280C9320AC323F006CC0BC /* Main.storyboard in Resources */ = {isa = PBXBuildFile; fileRef = 3A280C9120AC323F006CC0BC /* Main.storyboard */; };
		3A280C9520AC3240006CC0BC /* Assets.xcassets in Resources */ = {isa = PBXBuildFile; fileRef = 3A280C9420AC3240006CC0BC /* Assets.xcassets */; };
		3A280C9820AC3240006CC0BC /* LaunchScreen.storyboard in Resources */ = {isa = PBXBuildFile; fileRef = 3A280C9620AC3240006CC0BC /* LaunchScreen.storyboard */; };
		3A280C9B20AC3240006CC0BC /* main.m in Sources */ = {isa = PBXBuildFile; fileRef = 3A280C9A20AC3240006CC0BC /* main.m */; };
		3A280CA520AC3240006CC0BC /* ModleATests.m in Sources */ = {isa = PBXBuildFile; fileRef = 3A280CA420AC3240006CC0BC /* ModleATests.m */; };
		3A280CB020AC3240006CC0BC /* ModleAUITests.m in Sources */ = {isa = PBXBuildFile; fileRef = 3A280CAF20AC3240006CC0BC /* ModleAUITests.m */; };
/* End PBXBuildFile section */

/* Begin PBXContainerItemProxy section */
		3A280CA120AC3240006CC0BC /* PBXContainerItemProxy */ = {
			isa = PBXContainerItemProxy;
			containerPortal = 3A280C8020AC323F006CC0BC /* Project object */;
			proxyType = 1;
			remoteGlobalIDString = 3A280C8720AC323F006CC0BC;
			remoteInfo = ModleA;
		};
		3A280CAC20AC3240006CC0BC /* PBXContainerItemProxy */ = {
			isa = PBXContainerItemProxy;
			containerPortal = 3A280C8020AC323F006CC0BC /* Project object */;
			proxyType = 1;
			remoteGlobalIDString = 3A280C8720AC323F006CC0BC;
			remoteInfo = ModleA;
		};
/* End PBXContainerItemProxy section */

/* Begin PBXFileReference section */
		219EC07025ED1CF77103802B /* libPods-ModleA.a */ = {isa = PBXFileReference; explicitFileType = archive.ar; includeInIndex = 0; path = "libPods-ModleA.a"; sourceTree = BUILT_PRODUCTS_DIR; };
		3A280C8820AC323F006CC0BC /* ModleA.app */ = {isa = PBXFileReference; explicitFileType = wrapper.application; includeInIndex = 0; path = ModleA.app; sourceTree = BUILT_PRODUCTS_DIR; };
		3A280C8B20AC323F006CC0BC /* AppDelegate.h */ = {isa = PBXFileReference; lastKnownFileType = sourcecode.c.h; path = AppDelegate.h; sourceTree = "<group>"; };
		3A280C8C20AC323F006CC0BC /* AppDelegate.m */ = {isa = PBXFileReference; lastKnownFileType = sourcecode.c.objc; path = AppDelegate.m; sourceTree = "<group>"; };
		3A280C8E20AC323F006CC0BC /* ViewController.h */ = {isa = PBXFileReference; lastKnownFileType = sourcecode.c.h; path = ViewController.h; sourceTree = "<group>"; };
		3A280C8F20AC323F006CC0BC /* ViewController.m */ = {isa = PBXFileReference; lastKnownFileType = sourcecode.c.objc; path = ViewController.m; sourceTree = "<group>"; };
		3A280C9220AC323F006CC0BC /* Base */ = {isa = PBXFileReference; lastKnownFileType = file.storyboard; name = Base; path = Base.lproj/Main.storyboard; sourceTree = "<group>"; };
		3A280C9420AC3240006CC0BC /* Assets.xcassets */ = {isa = PBXFileReference; lastKnownFileType = folder.assetcatalog; path = Assets.xcassets; sourceTree = "<group>"; };
		3A280C9720AC3240006CC0BC /* Base */ = {isa = PBXFileReference; lastKnownFileType = file.storyboard; name = Base; path = Base.lproj/LaunchScreen.storyboard; sourceTree = "<group>"; };
		3A280C9920AC3240006CC0BC /* Info.plist */ = {isa = PBXFileReference; lastKnownFileType = text.plist.xml; path = Info.plist; sourceTree = "<group>"; };
		3A280C9A20AC3240006CC0BC /* main.m */ = {isa = PBXFileReference; lastKnownFileType = sourcecode.c.objc; path = main.m; sourceTree = "<group>"; };
		3A280CA020AC3240006CC0BC /* ModleATests.xctest */ = {isa = PBXFileReference; explicitFileType = wrapper.cfbundle; includeInIndex = 0; path = ModleATests.xctest; sourceTree = BUILT_PRODUCTS_DIR; };
		3A280CA420AC3240006CC0BC /* ModleATests.m */ = {isa = PBXFileReference; lastKnownFileType = sourcecode.c.objc; path = ModleATests.m; sourceTree = "<group>"; };
		3A280CA620AC3240006CC0BC /* Info.plist */ = {isa = PBXFileReference; lastKnownFileType = text.plist.xml; path = Info.plist; sourceTree = "<group>"; };
		3A280CAB20AC3240006CC0BC /* ModleAUITests.xctest */ = {isa = PBXFileReference; explicitFileType = wrapper.cfbundle; includeInIndex = 0; path = ModleAUITests.xctest; sourceTree = BUILT_PRODUCTS_DIR; };
		3A280CAF20AC3240006CC0BC /* ModleAUITests.m */ = {isa = PBXFileReference; lastKnownFileType = sourcecode.c.objc; path = ModleAUITests.m; sourceTree = "<group>"; };
		3A280CB120AC3240006CC0BC /* Info.plist */ = {isa = PBXFileReference; lastKnownFileType = text.plist.xml; path = Info.plist; sourceTree = "<group>"; };
		6721B8E71EC1DAFC78BBE059 /* Pods-ModleA.release.xcconfig */ = {isa = PBXFileReference; includeInIndex = 1; lastKnownFileType = text.xcconfig; name = "Pods-ModleA.release.xcconfig"; path = "Pods/Target Support Files/Pods-ModleA/Pods-ModleA.release.xcconfig"; sourceTree = "<group>"; };
		EE662397977BF9085A328705 /* Pods-ModleA.debug.xcconfig */ = {isa = PBXFileReference; includeInIndex = 1; lastKnownFileType = text.xcconfig; name = "Pods-ModleA.debug.xcconfig"; path = "Pods/Target Support Files/Pods-ModleA/Pods-ModleA.debug.xcconfig"; sourceTree = "<group>"; };
/* End PBXFileReference section */

/* Begin PBXFrameworksBuildPhase section */
		3A280C8520AC323F006CC0BC /* Frameworks */ = {
			isa = PBXFrameworksBuildPhase;
			buildActionMask = 2147483647;
			files = (
				332100AF41CEEAAD6F48844B /* libPods-ModleA.a in Frameworks */,
			);
			runOnlyForDeploymentPostprocessing = 0;
		};
		3A280C9D20AC3240006CC0BC /* Frameworks */ = {
			isa = PBXFrameworksBuildPhase;
			buildActionMask = 2147483647;
			files = (
			);
			runOnlyForDeploymentPostprocessing = 0;
		};
		3A280CA820AC3240006CC0BC /* Frameworks */ = {
			isa = PBXFrameworksBuildPhase;
			buildActionMask = 2147483647;
			files = (
			);
			runOnlyForDeploymentPostprocessing = 0;
		};
/* End PBXFrameworksBuildPhase section */

/* Begin PBXGroup section */
		3A280C7F20AC323F006CC0BC = {
			isa = PBXGroup;
			children = (
				3A280C8A20AC323F006CC0BC /* ModleA */,
				3A280CA320AC3240006CC0BC /* ModleATests */,
				3A280CAE20AC3240006CC0BC /* ModleAUITests */,
				3A280C8920AC323F006CC0BC /* Products */,
				4E2800443281E4B5C36AC484 /* Pods */,
				FF4C62C2169F06B521458637 /* Frameworks */,
			);
			sourceTree = "<group>";
		};
		3A280C8920AC323F006CC0BC /* Products */ = {
			isa = PBXGroup;
			children = (
				3A280C8820AC323F006CC0BC /* ModleA.app */,
				3A280CA020AC3240006CC0BC /* ModleATests.xctest */,
				3A280CAB20AC3240006CC0BC /* ModleAUITests.xctest */,
			);
			name = Products;
			sourceTree = "<group>";
		};
		3A280C8A20AC323F006CC0BC /* ModleA */ = {
			isa = PBXGroup;
			children = (
				3A280C8B20AC323F006CC0BC /* AppDelegate.h */,
				3A280C8C20AC323F006CC0BC /* AppDelegate.m */,
				3A280C8E20AC323F006CC0BC /* ViewController.h */,
				3A280C8F20AC323F006CC0BC /* ViewController.m */,
				3A280C9120AC323F006CC0BC /* Main.storyboard */,
				3A280C9420AC3240006CC0BC /* Assets.xcassets */,
				3A280C9620AC3240006CC0BC /* LaunchScreen.storyboard */,
				3A280C9920AC3240006CC0BC /* Info.plist */,
				3A280C9A20AC3240006CC0BC /* main.m */,
			);
			path = ModleA;
			sourceTree = "<group>";
		};
		3A280CA320AC3240006CC0BC /* ModleATests */ = {
			isa = PBXGroup;
			children = (
				3A280CA420AC3240006CC0BC /* ModleATests.m */,
				3A280CA620AC3240006CC0BC /* Info.plist */,
			);
			path = ModleATests;
			sourceTree = "<group>";
		};
		3A280CAE20AC3240006CC0BC /* ModleAUITests */ = {
			isa = PBXGroup;
			children = (
				3A280CAF20AC3240006CC0BC /* ModleAUITests.m */,
				3A280CB120AC3240006CC0BC /* Info.plist */,
			);
			path = ModleAUITests;
			sourceTree = "<group>";
		};
		4E2800443281E4B5C36AC484 /* Pods */ = {
			isa = PBXGroup;
			children = (
				EE662397977BF9085A328705 /* Pods-ModleA.debug.xcconfig */,
				6721B8E71EC1DAFC78BBE059 /* Pods-ModleA.release.xcconfig */,
			);
			name = Pods;
			sourceTree = "<group>";
		};
		FF4C62C2169F06B521458637 /* Frameworks */ = {
			isa = PBXGroup;
			children = (
				219EC07025ED1CF77103802B /* libPods-ModleA.a */,
			);
			name = Frameworks;
			sourceTree = "<group>";
		};
/* End PBXGroup section */

/* Begin PBXNativeTarget section */
		3A280C8720AC323F006CC0BC /* ModleA */ = {
			isa = PBXNativeTarget;
			buildConfigurationList = 3A280CB420AC3240006CC0BC /* Build configuration list for PBXNativeTarget "ModleA" */;
			buildPhases = (
				22D66821658D3D7C0B3FEC9B /* [CP] Check Pods Manifest.lock */,
				3A280C8420AC323F006CC0BC /* Sources */,
				3A280C8520AC323F006CC0BC /* Frameworks */,
				3A280C8620AC323F006CC0BC /* Resources */,
			);
			buildRules = (
			);
			dependencies = (
			);
			name = ModleA;
			productName = ModleA;
			productReference = 3A280C8820AC323F006CC0BC /* ModleA.app */;
			productType = "com.apple.product-type.application";
		};
		3A280C9F20AC3240006CC0BC /* ModleATests */ = {
			isa = PBXNativeTarget;
			buildConfigurationList = 3A280CB720AC3240006CC0BC /* Build configuration list for PBXNativeTarget "ModleATests" */;
			buildPhases = (
				3A280C9C20AC3240006CC0BC /* Sources */,
				3A280C9D20AC3240006CC0BC /* Frameworks */,
				3A280C9E20AC3240006CC0BC /* Resources */,
			);
			buildRules = (
			);
			dependencies = (
				3A280CA220AC3240006CC0BC /* PBXTargetDependency */,
			);
			name = ModleATests;
			productName = ModleATests;
			productReference = 3A280CA020AC3240006CC0BC /* ModleATests.xctest */;
			productType = "com.apple.product-type.bundle.unit-test";
		};
		3A280CAA20AC3240006CC0BC /* ModleAUITests */ = {
			isa = PBXNativeTarget;
			buildConfigurationList = 3A280CBA20AC3240006CC0BC /* Build configuration list for PBXNativeTarget "ModleAUITests" */;
			buildPhases = (
				3A280CA720AC3240006CC0BC /* Sources */,
				3A280CA820AC3240006CC0BC /* Frameworks */,
				3A280CA920AC3240006CC0BC /* Resources */,
			);
			buildRules = (
			);
			dependencies = (
				3A280CAD20AC3240006CC0BC /* PBXTargetDependency */,
			);
			name = ModleAUITests;
			productName = ModleAUITests;
			productReference = 3A280CAB20AC3240006CC0BC /* ModleAUITests.xctest */;
			productType = "com.apple.product-type.bundle.ui-testing";
		};
/* End PBXNativeTarget section */

/* Begin PBXProject section */
		3A280C8020AC323F006CC0BC /* Project object */ = {
			isa = PBXProject;
			attributes = {
				LastUpgradeCheck = 0930;
				ORGANIZATIONNAME = hans;
				TargetAttributes = {
					3A280C8720AC323F006CC0BC = {
						CreatedOnToolsVersion = 9.3;
					};
					3A280C9F20AC3240006CC0BC = {
						CreatedOnToolsVersion = 9.3;
						TestTargetID = 3A280C8720AC323F006CC0BC;
					};
					3A280CAA20AC3240006CC0BC = {
						CreatedOnToolsVersion = 9.3;
						TestTargetID = 3A280C8720AC323F006CC0BC;
					};
				};
			};
			buildConfigurationList = 3A280C8320AC323F006CC0BC /* Build configuration list for PBXProject "ModleA" */;
			compatibilityVersion = "Xcode 9.3";
			developmentRegion = en;
			hasScannedForEncodings = 0;
			knownRegions = (
				en,
				Base,
			);
			mainGroup = 3A280C7F20AC323F006CC0BC;
			productRefGroup = 3A280C8920AC323F006CC0BC /* Products */;
			projectDirPath = "";
			projectRoot = "";
			targets = (
				3A280C8720AC323F006CC0BC /* ModleA */,
				3A280C9F20AC3240006CC0BC /* ModleATests */,
				3A280CAA20AC3240006CC0BC /* ModleAUITests */,
			);
		};
/* End PBXProject section */

/* Begin PBXResourcesBuildPhase section */
		3A280C8620AC323F006CC0BC /* Resources */ = {
			isa = PBXResourcesBuildPhase;
			buildActionMask = 2147483647;
			files = (
				3A280C9820AC3240006CC0BC /* LaunchScreen.storyboard in Resources */,
				3A280C9520AC3240006CC0BC /* Assets.xcassets in Resources */,
				3A280C9320AC323F006CC0BC /* Main.storyboard in Resources */,
			);
			runOnlyForDeploymentPostprocessing = 0;
		};
		3A280C9E20AC3240006CC0BC /* Resources */ = {
			isa = PBXResourcesBuildPhase;
			buildActionMask = 2147483647;
			files = (
			);
			runOnlyForDeploymentPostprocessing = 0;
		};
		3A280CA920AC3240006CC0BC /* Resources */ = {
			isa = PBXResourcesBuildPhase;
			buildActionMask = 2147483647;
			files = (
			);
			runOnlyForDeploymentPostprocessing = 0;
		};
/* End PBXResourcesBuildPhase section */

/* Begin PBXShellScriptBuildPhase section */
		22D66821658D3D7C0B3FEC9B /* [CP] Check Pods Manifest.lock */ = {
			isa = PBXShellScriptBuildPhase;
			buildActionMask = 2147483647;
			files = (
			);
			inputPaths = (
				"${PODS_PODFILE_DIR_PATH}/Podfile.lock",
				"${PODS_ROOT}/Manifest.lock",
			);
			name = "[CP] Check Pods Manifest.lock";
			outputPaths = (
				"$(DERIVED_FILE_DIR)/Pods-ModleA-checkManifestLockResult.txt",
			);
			runOnlyForDeploymentPostprocessing = 0;
			shellPath = /bin/sh;
			shellScript = "diff \"${PODS_PODFILE_DIR_PATH}/Podfile.lock\" \"${PODS_ROOT}/Manifest.lock\" > /dev/null\nif [ $? != 0 ] ; then\n    # print error to STDERR\n    echo \"error: The sandbox is not in sync with the Podfile.lock. Run 'pod install' or update your CocoaPods installation.\" >&2\n    exit 1\nfi\n# This output is used by Xcode 'outputs' to avoid re-running this script phase.\necho \"SUCCESS\" > \"${SCRIPT_OUTPUT_FILE_0}\"\n";
			showEnvVarsInLog = 0;
		};
/* End PBXShellScriptBuildPhase section */

/* Begin PBXSourcesBuildPhase section */
		3A280C8420AC323F006CC0BC /* Sources */ = {
			isa = PBXSourcesBuildPhase;
			buildActionMask = 2147483647;
			files = (
				3A280C9020AC323F006CC0BC /* ViewController.m in Sources */,
				3A280C9B20AC3240006CC0BC /* main.m in Sources */,
				3A280C8D20AC323F006CC0BC /* AppDelegate.m in Sources */,
			);
			runOnlyForDeploymentPostprocessing = 0;
		};
		3A280C9C20AC3240006CC0BC /* Sources */ = {
			isa = PBXSourcesBuildPhase;
			buildActionMask = 2147483647;
			files = (
				3A280CA520AC3240006CC0BC /* ModleATests.m in Sources */,
			);
			runOnlyForDeploymentPostprocessing = 0;
		};
		3A280CA720AC3240006CC0BC /* Sources */ = {
			isa = PBXSourcesBuildPhase;
			buildActionMask = 2147483647;
			files = (
				3A280CB020AC3240006CC0BC /* ModleAUITests.m in Sources */,
			);
			runOnlyForDeploymentPostprocessing = 0;
		};
/* End PBXSourcesBuildPhase section */

/* Begin PBXTargetDependency section */
		3A280CA220AC3240006CC0BC /* PBXTargetDependency */ = {
			isa = PBXTargetDependency;
			target = 3A280C8720AC323F006CC0BC /* ModleA */;
			targetProxy = 3A280CA120AC3240006CC0BC /* PBXContainerItemProxy */;
		};
		3A280CAD20AC3240006CC0BC /* PBXTargetDependency */ = {
			isa = PBXTargetDependency;
			target = 3A280C8720AC323F006CC0BC /* ModleA */;
			targetProxy = 3A280CAC20AC3240006CC0BC /* PBXContainerItemProxy */;
		};
/* End PBXTargetDependency section */

/* Begin PBXVariantGroup section */
		3A280C9120AC323F006CC0BC /* Main.storyboard */ = {
			isa = PBXVariantGroup;
			children = (
				3A280C9220AC323F006CC0BC /* Base */,
			);
			name = Main.storyboard;
			sourceTree = "<group>";
		};
		3A280C9620AC3240006CC0BC /* LaunchScreen.storyboard */ = {
			isa = PBXVariantGroup;
			children = (
				3A280C9720AC3240006CC0BC /* Base */,
			);
			name = LaunchScreen.storyboard;
			sourceTree = "<group>";
		};
/* End PBXVariantGroup section */

/* Begin XCBuildConfiguration section */
		3A280CB220AC3240006CC0BC /* Debug */ = {
			isa = XCBuildConfiguration;
			buildSettings = {
				ALWAYS_SEARCH_USER_PATHS = NO;
				CLANG_ANALYZER_NONNULL = YES;
				CLANG_ANALYZER_NUMBER_OBJECT_CONVERSION = YES_AGGRESSIVE;
				CLANG_CXX_LANGUAGE_STANDARD = "gnu++14";
				CLANG_CXX_LIBRARY = "libc++";
				CLANG_ENABLE_MODULES = YES;
				CLANG_ENABLE_OBJC_ARC = YES;
				CLANG_ENABLE_OBJC_WEAK = YES;
				CLANG_WARN_BLOCK_CAPTURE_AUTORELEASING = YES;
				CLANG_WARN_BOOL_CONVERSION = YES;
				CLANG_WARN_COMMA = YES;
				CLANG_WARN_CONSTANT_CONVERSION = YES;
				CLANG_WARN_DEPRECATED_OBJC_IMPLEMENTATIONS = YES;
				CLANG_WARN_DIRECT_OBJC_ISA_USAGE = YES_ERROR;
				CLANG_WARN_DOCUMENTATION_COMMENTS = YES;
				CLANG_WARN_EMPTY_BODY = YES;
				CLANG_WARN_ENUM_CONVERSION = YES;
				CLANG_WARN_INFINITE_RECURSION = YES;
				CLANG_WARN_INT_CONVERSION = YES;
				CLANG_WARN_NON_LITERAL_NULL_CONVERSION = YES;
				CLANG_WARN_OBJC_IMPLICIT_RETAIN_SELF = YES;
				CLANG_WARN_OBJC_LITERAL_CONVERSION = YES;
				CLANG_WARN_OBJC_ROOT_CLASS = YES_ERROR;
				CLANG_WARN_RANGE_LOOP_ANALYSIS = YES;
				CLANG_WARN_STRICT_PROTOTYPES = YES;
				CLANG_WARN_SUSPICIOUS_MOVE = YES;
				CLANG_WARN_UNGUARDED_AVAILABILITY = YES_AGGRESSIVE;
				CLANG_WARN_UNREACHABLE_CODE = YES;
				CLANG_WARN__DUPLICATE_METHOD_MATCH = YES;
				CODE_SIGN_IDENTITY = "iPhone Developer";
				COPY_PHASE_STRIP = NO;
				DEBUG_INFORMATION_FORMAT = dwarf;
				ENABLE_STRICT_OBJC_MSGSEND = YES;
				ENABLE_TESTABILITY = YES;
				GCC_C_LANGUAGE_STANDARD = gnu11;
				GCC_DYNAMIC_NO_PIC = NO;
				GCC_NO_COMMON_BLOCKS = YES;
				GCC_OPTIMIZATION_LEVEL = 0;
				GCC_PREPROCESSOR_DEFINITIONS = (
					"DEBUG=1",
					"$(inherited)",
				);
				GCC_WARN_64_TO_32_BIT_CONVERSION = YES;
				GCC_WARN_ABOUT_RETURN_TYPE = YES_ERROR;
				GCC_WARN_UNDECLARED_SELECTOR = YES;
				GCC_WARN_UNINITIALIZED_AUTOS = YES_AGGRESSIVE;
				GCC_WARN_UNUSED_FUNCTION = YES;
				GCC_WARN_UNUSED_VARIABLE = YES;
				IPHONEOS_DEPLOYMENT_TARGET = 11.3;
				MTL_ENABLE_DEBUG_INFO = YES;
				ONLY_ACTIVE_ARCH = YES;
				SDKROOT = iphoneos;
			};
			name = Debug;
		};
		3A280CB320AC3240006CC0BC /* Release */ = {
			isa = XCBuildConfiguration;
			buildSettings = {
				ALWAYS_SEARCH_USER_PATHS = NO;
				CLANG_ANALYZER_NONNULL = YES;
				CLANG_ANALYZER_NUMBER_OBJECT_CONVERSION = YES_AGGRESSIVE;
				CLANG_CXX_LANGUAGE_STANDARD = "gnu++14";
				CLANG_CXX_LIBRARY = "libc++";
				CLANG_ENABLE_MODULES = YES;
				CLANG_ENABLE_OBJC_ARC = YES;
				CLANG_ENABLE_OBJC_WEAK = YES;
				CLANG_WARN_BLOCK_CAPTURE_AUTORELEASING = YES;
				CLANG_WARN_BOOL_CONVERSION = YES;
				CLANG_WARN_COMMA = YES;
				CLANG_WARN_CONSTANT_CONVERSION = YES;
				CLANG_WARN_DEPRECATED_OBJC_IMPLEMENTATIONS = YES;
				CLANG_WARN_DIRECT_OBJC_ISA_USAGE = YES_ERROR;
				CLANG_WARN_DOCUMENTATION_COMMENTS = YES;
				CLANG_WARN_EMPTY_BODY = YES;
				CLANG_WARN_ENUM_CONVERSION = YES;
				CLANG_WARN_INFINITE_RECURSION = YES;
				CLANG_WARN_INT_CONVERSION = YES;
				CLANG_WARN_NON_LITERAL_NULL_CONVERSION = YES;
				CLANG_WARN_OBJC_IMPLICIT_RETAIN_SELF = YES;
				CLANG_WARN_OBJC_LITERAL_CONVERSION = YES;
				CLANG_WARN_OBJC_ROOT_CLASS = YES_ERROR;
				CLANG_WARN_RANGE_LOOP_ANALYSIS = YES;
				CLANG_WARN_STRICT_PROTOTYPES = YES;
				CLANG_WARN_SUSPICIOUS_MOVE = YES;
				CLANG_WARN_UNGUARDED_AVAILABILITY = YES_AGGRESSIVE;
				CLANG_WARN_UNREACHABLE_CODE = YES;
				CLANG_WARN__DUPLICATE_METHOD_MATCH = YES;
				CODE_SIGN_IDENTITY = "iPhone Developer";
				COPY_PHASE_STRIP = NO;
				DEBUG_INFORMATION_FORMAT = "dwarf-with-dsym";
				ENABLE_NS_ASSERTIONS = NO;
				ENABLE_STRICT_OBJC_MSGSEND = YES;
				GCC_C_LANGUAGE_STANDARD = gnu11;
				GCC_NO_COMMON_BLOCKS = YES;
				GCC_WARN_64_TO_32_BIT_CONVERSION = YES;
				GCC_WARN_ABOUT_RETURN_TYPE = YES_ERROR;
				GCC_WARN_UNDECLARED_SELECTOR = YES;
				GCC_WARN_UNINITIALIZED_AUTOS = YES_AGGRESSIVE;
				GCC_WARN_UNUSED_FUNCTION = YES;
				GCC_WARN_UNUSED_VARIABLE = YES;
				IPHONEOS_DEPLOYMENT_TARGET = 11.3;
				MTL_ENABLE_DEBUG_INFO = NO;
				SDKROOT = iphoneos;
				VALIDATE_PRODUCT = YES;
			};
			name = Release;
		};
		3A280CB520AC3240006CC0BC /* Debug */ = {
			isa = XCBuildConfiguration;
			baseConfigurationReference = EE662397977BF9085A328705 /* Pods-ModleA.debug.xcconfig */;
			buildSettings = {
				ASSETCATALOG_COMPILER_APPICON_NAME = AppIcon;
				CODE_SIGN_STYLE = Automatic;
				INFOPLIST_FILE = ModleA/Info.plist;
				LD_RUNPATH_SEARCH_PATHS = "$(inherited) @executable_path/Frameworks";
				PRODUCT_BUNDLE_IDENTIFIER = hans.ModleA;
				PRODUCT_NAME = "$(TARGET_NAME)";
				TARGETED_DEVICE_FAMILY = "1,2";
			};
			name = Debug;
		};
		3A280CB620AC3240006CC0BC /* Release */ = {
			isa = XCBuildConfiguration;
			baseConfigurationReference = 6721B8E71EC1DAFC78BBE059 /* Pods-ModleA.release.xcconfig */;
			buildSettings = {
				ASSETCATALOG_COMPILER_APPICON_NAME = AppIcon;
				CODE_SIGN_STYLE = Automatic;
				INFOPLIST_FILE = ModleA/Info.plist;
				LD_RUNPATH_SEARCH_PATHS = "$(inherited) @executable_path/Frameworks";
				PRODUCT_BUNDLE_IDENTIFIER = hans.ModleA;
				PRODUCT_NAME = "$(TARGET_NAME)";
				TARGETED_DEVICE_FAMILY = "1,2";
			};
			name = Release;
		};
		3A280CB820AC3240006CC0BC /* Debug */ = {
			isa = XCBuildConfiguration;
			buildSettings = {
				BUNDLE_LOADER = "$(TEST_HOST)";
				CODE_SIGN_STYLE = Automatic;
				INFOPLIST_FILE = ModleATests/Info.plist;
				LD_RUNPATH_SEARCH_PATHS = "$(inherited) @executable_path/Frameworks @loader_path/Frameworks";
				PRODUCT_BUNDLE_IDENTIFIER = hans.ModleATests;
				PRODUCT_NAME = "$(TARGET_NAME)";
				TARGETED_DEVICE_FAMILY = "1,2";
				TEST_HOST = "$(BUILT_PRODUCTS_DIR)/ModleA.app/ModleA";
			};
			name = Debug;
		};
		3A280CB920AC3240006CC0BC /* Release */ = {
			isa = XCBuildConfiguration;
			buildSettings = {
				BUNDLE_LOADER = "$(TEST_HOST)";
				CODE_SIGN_STYLE = Automatic;
				INFOPLIST_FILE = ModleATests/Info.plist;
				LD_RUNPATH_SEARCH_PATHS = "$(inherited) @executable_path/Frameworks @loader_path/Frameworks";
				PRODUCT_BUNDLE_IDENTIFIER = hans.ModleATests;
				PRODUCT_NAME = "$(TARGET_NAME)";
				TARGETED_DEVICE_FAMILY = "1,2";
				TEST_HOST = "$(BUILT_PRODUCTS_DIR)/ModleA.app/ModleA";
			};
			name = Release;
		};
		3A280CBB20AC3240006CC0BC /* Debug */ = {
			isa = XCBuildConfiguration;
			buildSettings = {
				CODE_SIGN_STYLE = Automatic;
				INFOPLIST_FILE = ModleAUITests/Info.plist;
				LD_RUNPATH_SEARCH_PATHS = "$(inherited) @executable_path/Frameworks @loader_path/Frameworks";
				PRODUCT_BUNDLE_IDENTIFIER = hans.ModleAUITests;
				PRODUCT_NAME = "$(TARGET_NAME)";
				TARGETED_DEVICE_FAMILY = "1,2";
				TEST_TARGET_NAME = ModleA;
			};
			name = Debug;
		};
		3A280CBC20AC3240006CC0BC /* Release */ = {
			isa = XCBuildConfiguration;
			buildSettings = {
				CODE_SIGN_STYLE = Automatic;
				INFOPLIST_FILE = ModleAUITests/Info.plist;
				LD_RUNPATH_SEARCH_PATHS = "$(inherited) @executable_path/Frameworks @loader_path/Frameworks";
				PRODUCT_BUNDLE_IDENTIFIER = hans.ModleAUITests;
				PRODUCT_NAME = "$(TARGET_NAME)";
				TARGETED_DEVICE_FAMILY = "1,2";
				TEST_TARGET_NAME = ModleA;
			};
			name = Release;
		};
/* End XCBuildConfiguration section */

/* Begin XCConfigurationList section */
		3A280C8320AC323F006CC0BC /* Build configuration list for PBXProject "ModleA" */ = {
			isa = XCConfigurationList;
			buildConfigurations = (
				3A280CB220AC3240006CC0BC /* Debug */,
				3A280CB320AC3240006CC0BC /* Release */,
			);
			defaultConfigurationIsVisible = 0;
			defaultConfigurationName = Release;
		};
		3A280CB420AC3240006CC0BC /* Build configuration list for PBXNativeTarget "ModleA" */ = {
			isa = XCConfigurationList;
			buildConfigurations = (
				3A280CB520AC3240006CC0BC /* Debug */,
				3A280CB620AC3240006CC0BC /* Release */,
			);
			defaultConfigurationIsVisible = 0;
			defaultConfigurationName = Release;
		};
		3A280CB720AC3240006CC0BC /* Build configuration list for PBXNativeTarget "ModleATests" */ = {
			isa = XCConfigurationList;
			buildConfigurations = (
				3A280CB820AC3240006CC0BC /* Debug */,
				3A280CB920AC3240006CC0BC /* Release */,
			);
			defaultConfigurationIsVisible = 0;
			defaultConfigurationName = Release;
		};
		3A280CBA20AC3240006CC0BC /* Build configuration list for PBXNativeTarget "ModleAUITests" */ = {
			isa = XCConfigurationList;
			buildConfigurations = (
				3A280CBB20AC3240006CC0BC /* Debug */,
				3A280CBC20AC3240006CC0BC /* Release */,
			);
			defaultConfigurationIsVisible = 0;
			defaultConfigurationName = Release;
		};
/* End XCConfigurationList section */
	};
	rootObject = 3A280C8020AC323F006CC0BC /* Project object */;
}
